
Microsoft Visual Studio Solution File, Format Version 12.00
# Visual Studio Version 16
VisualStudioVersion = 16.0.32228.343
MinimumVisualStudioVersion = 10.0.40219.1
Project("{FAE04EC0-301F-11D3-BF4B-00C04F79EFBC}") = "AuthorizationPasswordHW.Web", "AuthorizationPasswordHW\AuthorizationPasswordHW.Web.csproj", "{B2A67952-64FA-4654-B1BA-7EDD94742A07}"
EndProject
Project("{FAE04EC0-301F-11D3-BF4B-00C04F79EFBC}") = "AuthorizationPasswordHW.Data", "AuthorizationPasswordHW.Data\AuthorizationPasswordHW.Data.csproj", "{3DE185F7-037B-4B92-BC31-BEC640DBB2FE}"
EndProject
Global
	GlobalSection(SolutionConfigurationPlatforms) = preSolution
		Debug|Any CPU = Debug|Any CPU
		Release|Any CPU = Release|Any CPU
	EndGlobalSection
	GlobalSection(ProjectConfigurationPlatforms) = postSolution
		{B2A67952-64FA-4654-B1BA-7EDD94742A07}.Debug|Any CPU.ActiveCfg = Debug|Any CPU
		{B2A67952-64FA-4654-B1BA-7EDD94742A07}.Debug|Any CPU.Build.0 = Debug|Any CPU
		{B2A67952-64FA-4654-B1BA-7EDD94742A07}.Release|Any CPU.ActiveCfg = Release|Any CPU
		{B2A67952-64FA-4654-B1BA-7EDD94742A07}.Release|Any CPU.Build.0 = Release|Any CPU
		{3DE185F7-037B-4B92-BC31-BEC640DBB2FE}.Debug|Any CPU.ActiveCfg = Debug|Any CPU
		{3DE185F7-037B-4B92-BC31-BEC640DBB2FE}.Debug|Any CPU.Build.0 = Debug|Any CPU
		{3DE185F7-037B-4B92-BC31-BEC640DBB2FE}.Release|Any CPU.ActiveCfg = Release|Any CPU
		{3DE185F7-037B-4B92-BC31-BEC640DBB2FE}.Release|Any CPU.Build.0 = Release|Any CPU
	EndGlobalSection
	GlobalSection(SolutionProperties) = preSolution
		HideSolutionNode = FALSE
	EndGlobalSection
	GlobalSection(ExtensibilityGlobals) = postSolution
		SolutionGuid = {C8C98AC2-C02A-4F2C-AF75-42810BD6D641}
	EndGlobalSection
EndGlobal
